
Microsoft Visual Studio Solution File, Format Version 12.00
# Visual Studio Version 16
VisualStudioVersion = 16.0.30310.162
MinimumVisualStudioVersion = 10.0.40219.1
Project("{D954291E-2A0B-460D-934E-DC6B0785DB48}") = "SampleBrowser.SfChart.Shared", "SampleBrowser.SfChart.Shared\SampleBrowser.SfChart.Shared.shproj", "{6279C845-92F8-4333-AB99-3D213163593C}"
EndProject
Project("{FAE04EC0-301F-11D3-BF4B-00C04F79EFBC}") = "SampleBrowser.SfChart.Droid", "SampleBrowser.SfChart.Droid\SampleBrowser.SfChart.Droid.csproj", "{2FE3A61B-6A14-4409-9068-04E6DDB5006C}"
EndProject
Project("{FAE04EC0-301F-11D3-BF4B-00C04F79EFBC}") = "SampleBrowser.SfChart.iOS", "SampleBrowser.SfChart.iOS\SampleBrowser.SfChart.iOS.csproj", "{07256011-41B7-4647-96E9-E724F9928FBC}"
EndProject
Project("{9A19103F-16F7-4668-BE54-9A1E7A4F7556}") = "SampleBrowser.SfChart.Wasm", "SampleBrowser.SfChart.Wasm\SampleBrowser.SfChart.Wasm.csproj", "{7742BE2E-609D-43B0-8154-E5FFE058090E}"
EndProject
Project("{9A19103F-16F7-4668-BE54-9A1E7A4F7556}") = "Syncfusion.SfChart.Uno", "..\src\Syncfusion.SfChart.Uno.csproj", "{D4281C46-33CF-4B03-B0DF-D2C010729A8B}"
EndProject
Global
	GlobalSection(SharedMSBuildProjectFiles) = preSolution
		SampleBrowser.SfChart.Shared\SampleBrowser.SfChart.Shared.projitems*{07256011-41b7-4647-96e9-e724f9928fbc}*SharedItemsImports = 4
		SampleBrowser.SfChart.Shared\SampleBrowser.SfChart.Shared.projitems*{2fe3a61b-6a14-4409-9068-04e6ddb5006c}*SharedItemsImports = 4
		SampleBrowser.SfChart.Shared\SampleBrowser.SfChart.Shared.projitems*{6279c845-92f8-4333-ab99-3d213163593c}*SharedItemsImports = 13
		SampleBrowser.SfChart.Shared\SampleBrowser.SfChart.Shared.projitems*{7742be2e-609d-43b0-8154-e5ffe058090e}*SharedItemsImports = 5
	EndGlobalSection
	GlobalSection(SolutionConfigurationPlatforms) = preSolution
		Ad-Hoc|Any CPU = Ad-Hoc|Any CPU
		Ad-Hoc|ARM = Ad-Hoc|ARM
		Ad-Hoc|ARM64 = Ad-Hoc|ARM64
		Ad-Hoc|iPhone = Ad-Hoc|iPhone
		Ad-Hoc|iPhoneSimulator = Ad-Hoc|iPhoneSimulator
		Ad-Hoc|x64 = Ad-Hoc|x64
		Ad-Hoc|x86 = Ad-Hoc|x86
		AppStore|Any CPU = AppStore|Any CPU
		AppStore|ARM = AppStore|ARM
		AppStore|ARM64 = AppStore|ARM64
		AppStore|iPhone = AppStore|iPhone
		AppStore|iPhoneSimulator = AppStore|iPhoneSimulator
		AppStore|x64 = AppStore|x64
		AppStore|x86 = AppStore|x86
		Debug|Any CPU = Debug|Any CPU
		Debug|ARM = Debug|ARM
		Debug|ARM64 = Debug|ARM64
		Debug|iPhone = Debug|iPhone
		Debug|iPhoneSimulator = Debug|iPhoneSimulator
		Debug|x64 = Debug|x64
		Debug|x86 = Debug|x86
		Release|Any CPU = Release|Any CPU
		Release|ARM = Release|ARM
		Release|ARM64 = Release|ARM64
		Release|iPhone = Release|iPhone
		Release|iPhoneSimulator = Release|iPhoneSimulator
		Release|x64 = Release|x64
		Release|x86 = Release|x86
	EndGlobalSection
	GlobalSection(ProjectConfigurationPlatforms) = postSolution
		{2FE3A61B-6A14-4409-9068-04E6DDB5006C}.Ad-Hoc|Any CPU.ActiveCfg = Release|Any CPU
		{2FE3A61B-6A14-4409-9068-04E6DDB5006C}.Ad-Hoc|Any CPU.Build.0 = Release|Any CPU
		{2FE3A61B-6A14-4409-9068-04E6DDB5006C}.Ad-Hoc|Any CPU.Deploy.0 = Release|Any CPU
		{2FE3A61B-6A14-4409-9068-04E6DDB5006C}.Ad-Hoc|ARM.ActiveCfg = Release|Any CPU
		{2FE3A61B-6A14-4409-9068-04E6DDB5006C}.Ad-Hoc|ARM.Build.0 = Release|Any CPU
		{2FE3A61B-6A14-4409-9068-04E6DDB5006C}.Ad-Hoc|ARM.Deploy.0 = Release|Any CPU
		{2FE3A61B-6A14-4409-9068-04E6DDB5006C}.Ad-Hoc|ARM64.ActiveCfg = Release|Any CPU
		{2FE3A61B-6A14-4409-9068-04E6DDB5006C}.Ad-Hoc|ARM64.Build.0 = Release|Any CPU
		{2FE3A61B-6A14-4409-9068-04E6DDB5006C}.Ad-Hoc|ARM64.Deploy.0 = Release|Any CPU
		{2FE3A61B-6A14-4409-9068-04E6DDB5006C}.Ad-Hoc|iPhone.ActiveCfg = Release|Any CPU
		{2FE3A61B-6A14-4409-9068-04E6DDB5006C}.Ad-Hoc|iPhone.Build.0 = Release|Any CPU
		{2FE3A61B-6A14-4409-9068-04E6DDB5006C}.Ad-Hoc|iPhone.Deploy.0 = Release|Any CPU
		{2FE3A61B-6A14-4409-9068-04E6DDB5006C}.Ad-Hoc|iPhoneSimulator.ActiveCfg = Release|Any CPU
		{2FE3A61B-6A14-4409-9068-04E6DDB5006C}.Ad-Hoc|iPhoneSimulator.Build.0 = Release|Any CPU
		{2FE3A61B-6A14-4409-9068-04E6DDB5006C}.Ad-Hoc|iPhoneSimulator.Deploy.0 = Release|Any CPU
		{2FE3A61B-6A14-4409-9068-04E6DDB5006C}.Ad-Hoc|x64.ActiveCfg = Release|Any CPU
		{2FE3A61B-6A14-4409-9068-04E6DDB5006C}.Ad-Hoc|x64.Build.0 = Release|Any CPU
		{2FE3A61B-6A14-4409-9068-04E6DDB5006C}.Ad-Hoc|x64.Deploy.0 = Release|Any CPU
		{2FE3A61B-6A14-4409-9068-04E6DDB5006C}.Ad-Hoc|x86.ActiveCfg = Release|Any CPU
		{2FE3A61B-6A14-4409-9068-04E6DDB5006C}.Ad-Hoc|x86.Build.0 = Release|Any CPU
		{2FE3A61B-6A14-4409-9068-04E6DDB5006C}.Ad-Hoc|x86.Deploy.0 = Release|Any CPU
		{2FE3A61B-6A14-4409-9068-04E6DDB5006C}.AppStore|Any CPU.ActiveCfg = Release|Any CPU
		{2FE3A61B-6A14-4409-9068-04E6DDB5006C}.AppStore|Any CPU.Build.0 = Release|Any CPU
		{2FE3A61B-6A14-4409-9068-04E6DDB5006C}.AppStore|Any CPU.Deploy.0 = Release|Any CPU
		{2FE3A61B-6A14-4409-9068-04E6DDB5006C}.AppStore|ARM.ActiveCfg = Release|Any CPU
		{2FE3A61B-6A14-4409-9068-04E6DDB5006C}.AppStore|ARM.Build.0 = Release|Any CPU
		{2FE3A61B-6A14-4409-9068-04E6DDB5006C}.AppStore|ARM.Deploy.0 = Release|Any CPU
		{2FE3A61B-6A14-4409-9068-04E6DDB5006C}.AppStore|ARM64.ActiveCfg = Release|Any CPU
		{2FE3A61B-6A14-4409-9068-04E6DDB5006C}.AppStore|ARM64.Build.0 = Release|Any CPU
		{2FE3A61B-6A14-4409-9068-04E6DDB5006C}.AppStore|ARM64.Deploy.0 = Release|Any CPU
		{2FE3A61B-6A14-4409-9068-04E6DDB5006C}.AppStore|iPhone.ActiveCfg = Release|Any CPU
		{2FE3A61B-6A14-4409-9068-04E6DDB5006C}.AppStore|iPhone.Build.0 = Release|Any CPU
		{2FE3A61B-6A14-4409-9068-04E6DDB5006C}.AppStore|iPhone.Deploy.0 = Release|Any CPU
		{2FE3A61B-6A14-4409-9068-04E6DDB5006C}.AppStore|iPhoneSimulator.ActiveCfg = Release|Any CPU
		{2FE3A61B-6A14-4409-9068-04E6DDB5006C}.AppStore|iPhoneSimulator.Build.0 = Release|Any CPU
		{2FE3A61B-6A14-4409-9068-04E6DDB5006C}.AppStore|iPhoneSimulator.Deploy.0 = Release|Any CPU
		{2FE3A61B-6A14-4409-9068-04E6DDB5006C}.AppStore|x64.ActiveCfg = Release|Any CPU
		{2FE3A61B-6A14-4409-9068-04E6DDB5006C}.AppStore|x64.Build.0 = Release|Any CPU
		{2FE3A61B-6A14-4409-9068-04E6DDB5006C}.AppStore|x64.Deploy.0 = Release|Any CPU
		{2FE3A61B-6A14-4409-9068-04E6DDB5006C}.AppStore|x86.ActiveCfg = Release|Any CPU
		{2FE3A61B-6A14-4409-9068-04E6DDB5006C}.AppStore|x86.Build.0 = Release|Any CPU
		{2FE3A61B-6A14-4409-9068-04E6DDB5006C}.AppStore|x86.Deploy.0 = Release|Any CPU
		{2FE3A61B-6A14-4409-9068-04E6DDB5006C}.Debug|Any CPU.ActiveCfg = Debug|Any CPU
		{2FE3A61B-6A14-4409-9068-04E6DDB5006C}.Debug|Any CPU.Build.0 = Debug|Any CPU
		{2FE3A61B-6A14-4409-9068-04E6DDB5006C}.Debug|Any CPU.Deploy.0 = Debug|Any CPU
		{2FE3A61B-6A14-4409-9068-04E6DDB5006C}.Debug|ARM.ActiveCfg = Debug|Any CPU
		{2FE3A61B-6A14-4409-9068-04E6DDB5006C}.Debug|ARM.Build.0 = Debug|Any CPU
		{2FE3A61B-6A14-4409-9068-04E6DDB5006C}.Debug|ARM.Deploy.0 = Debug|Any CPU
		{2FE3A61B-6A14-4409-9068-04E6DDB5006C}.Debug|ARM64.ActiveCfg = Debug|Any CPU
		{2FE3A61B-6A14-4409-9068-04E6DDB5006C}.Debug|ARM64.Build.0 = Debug|Any CPU
		{2FE3A61B-6A14-4409-9068-04E6DDB5006C}.Debug|ARM64.Deploy.0 = Debug|Any CPU
		{2FE3A61B-6A14-4409-9068-04E6DDB5006C}.Debug|iPhone.ActiveCfg = Debug|Any CPU
		{2FE3A61B-6A14-4409-9068-04E6DDB5006C}.Debug|iPhone.Build.0 = Debug|Any CPU
		{2FE3A61B-6A14-4409-9068-04E6DDB5006C}.Debug|iPhone.Deploy.0 = Debug|Any CPU
		{2FE3A61B-6A14-4409-9068-04E6DDB5006C}.Debug|iPhoneSimulator.ActiveCfg = Debug|Any CPU
		{2FE3A61B-6A14-4409-9068-04E6DDB5006C}.Debug|iPhoneSimulator.Build.0 = Debug|Any CPU
		{2FE3A61B-6A14-4409-9068-04E6DDB5006C}.Debug|iPhoneSimulator.Deploy.0 = Debug|Any CPU
		{2FE3A61B-6A14-4409-9068-04E6DDB5006C}.Debug|x64.ActiveCfg = Debug|Any CPU
		{2FE3A61B-6A14-4409-9068-04E6DDB5006C}.Debug|x64.Build.0 = Debug|Any CPU
		{2FE3A61B-6A14-4409-9068-04E6DDB5006C}.Debug|x64.Deploy.0 = Debug|Any CPU
		{2FE3A61B-6A14-4409-9068-04E6DDB5006C}.Debug|x86.ActiveCfg = Debug|Any CPU
		{2FE3A61B-6A14-4409-9068-04E6DDB5006C}.Debug|x86.Build.0 = Debug|Any CPU
		{2FE3A61B-6A14-4409-9068-04E6DDB5006C}.Debug|x86.Deploy.0 = Debug|Any CPU
		{2FE3A61B-6A14-4409-9068-04E6DDB5006C}.Release|Any CPU.ActiveCfg = Release|Any CPU
		{2FE3A61B-6A14-4409-9068-04E6DDB5006C}.Release|Any CPU.Build.0 = Release|Any CPU
		{2FE3A61B-6A14-4409-9068-04E6DDB5006C}.Release|Any CPU.Deploy.0 = Release|Any CPU
		{2FE3A61B-6A14-4409-9068-04E6DDB5006C}.Release|ARM.ActiveCfg = Release|Any CPU
		{2FE3A61B-6A14-4409-9068-04E6DDB5006C}.Release|ARM.Build.0 = Release|Any CPU
		{2FE3A61B-6A14-4409-9068-04E6DDB5006C}.Release|ARM.Deploy.0 = Release|Any CPU
		{2FE3A61B-6A14-4409-9068-04E6DDB5006C}.Release|ARM64.ActiveCfg = Release|Any CPU
		{2FE3A61B-6A14-4409-9068-04E6DDB5006C}.Release|ARM64.Build.0 = Release|Any CPU
		{2FE3A61B-6A14-4409-9068-04E6DDB5006C}.Release|ARM64.Deploy.0 = Release|Any CPU
		{2FE3A61B-6A14-4409-9068-04E6DDB5006C}.Release|iPhone.ActiveCfg = Release|Any CPU
		{2FE3A61B-6A14-4409-9068-04E6DDB5006C}.Release|iPhone.Build.0 = Release|Any CPU
		{2FE3A61B-6A14-4409-9068-04E6DDB5006C}.Release|iPhone.Deploy.0 = Release|Any CPU
		{2FE3A61B-6A14-4409-9068-04E6DDB5006C}.Release|iPhoneSimulator.ActiveCfg = Release|Any CPU
		{2FE3A61B-6A14-4409-9068-04E6DDB5006C}.Release|iPhoneSimulator.Build.0 = Release|Any CPU
		{2FE3A61B-6A14-4409-9068-04E6DDB5006C}.Release|iPhoneSimulator.Deploy.0 = Release|Any CPU
		{2FE3A61B-6A14-4409-9068-04E6DDB5006C}.Release|x64.ActiveCfg = Release|Any CPU
		{2FE3A61B-6A14-4409-9068-04E6DDB5006C}.Release|x64.Build.0 = Release|Any CPU
		{2FE3A61B-6A14-4409-9068-04E6DDB5006C}.Release|x64.Deploy.0 = Release|Any CPU
		{2FE3A61B-6A14-4409-9068-04E6DDB5006C}.Release|x86.ActiveCfg = Release|Any CPU
		{2FE3A61B-6A14-4409-9068-04E6DDB5006C}.Release|x86.Build.0 = Release|Any CPU
		{2FE3A61B-6A14-4409-9068-04E6DDB5006C}.Release|x86.Deploy.0 = Release|Any CPU
		{07256011-41B7-4647-96E9-E724F9928FBC}.Ad-Hoc|Any CPU.ActiveCfg = Ad-Hoc|iPhone
		{07256011-41B7-4647-96E9-E724F9928FBC}.Ad-Hoc|ARM.ActiveCfg = Ad-Hoc|iPhone
		{07256011-41B7-4647-96E9-E724F9928FBC}.Ad-Hoc|ARM64.ActiveCfg = Ad-Hoc|iPhone
		{07256011-41B7-4647-96E9-E724F9928FBC}.Ad-Hoc|iPhone.ActiveCfg = Ad-Hoc|iPhone
		{07256011-41B7-4647-96E9-E724F9928FBC}.Ad-Hoc|iPhone.Build.0 = Ad-Hoc|iPhone
		{07256011-41B7-4647-96E9-E724F9928FBC}.Ad-Hoc|iPhoneSimulator.ActiveCfg = Ad-Hoc|iPhoneSimulator
		{07256011-41B7-4647-96E9-E724F9928FBC}.Ad-Hoc|iPhoneSimulator.Build.0 = Ad-Hoc|iPhoneSimulator
		{07256011-41B7-4647-96E9-E724F9928FBC}.Ad-Hoc|x64.ActiveCfg = Ad-Hoc|iPhone
		{07256011-41B7-4647-96E9-E724F9928FBC}.Ad-Hoc|x86.ActiveCfg = Ad-Hoc|iPhone
		{07256011-41B7-4647-96E9-E724F9928FBC}.AppStore|Any CPU.ActiveCfg = AppStore|iPhone
		{07256011-41B7-4647-96E9-E724F9928FBC}.AppStore|ARM.ActiveCfg = AppStore|iPhone
		{07256011-41B7-4647-96E9-E724F9928FBC}.AppStore|ARM64.ActiveCfg = AppStore|iPhone
		{07256011-41B7-4647-96E9-E724F9928FBC}.AppStore|iPhone.ActiveCfg = AppStore|iPhone
		{07256011-41B7-4647-96E9-E724F9928FBC}.AppStore|iPhone.Build.0 = AppStore|iPhone
		{07256011-41B7-4647-96E9-E724F9928FBC}.AppStore|iPhoneSimulator.ActiveCfg = AppStore|iPhoneSimulator
		{07256011-41B7-4647-96E9-E724F9928FBC}.AppStore|iPhoneSimulator.Build.0 = AppStore|iPhoneSimulator
		{07256011-41B7-4647-96E9-E724F9928FBC}.AppStore|x64.ActiveCfg = AppStore|iPhone
		{07256011-41B7-4647-96E9-E724F9928FBC}.AppStore|x86.ActiveCfg = AppStore|iPhone
		{07256011-41B7-4647-96E9-E724F9928FBC}.Debug|Any CPU.ActiveCfg = Debug|iPhone
		{07256011-41B7-4647-96E9-E724F9928FBC}.Debug|ARM.ActiveCfg = Debug|iPhone
		{07256011-41B7-4647-96E9-E724F9928FBC}.Debug|ARM64.ActiveCfg = Debug|iPhone
		{07256011-41B7-4647-96E9-E724F9928FBC}.Debug|iPhone.ActiveCfg = Debug|iPhone
		{07256011-41B7-4647-96E9-E724F9928FBC}.Debug|iPhone.Build.0 = Debug|iPhone
		{07256011-41B7-4647-96E9-E724F9928FBC}.Debug|iPhoneSimulator.ActiveCfg = Debug|iPhoneSimulator
		{07256011-41B7-4647-96E9-E724F9928FBC}.Debug|iPhoneSimulator.Build.0 = Debug|iPhoneSimulator
		{07256011-41B7-4647-96E9-E724F9928FBC}.Debug|x64.ActiveCfg = Debug|iPhone
		{07256011-41B7-4647-96E9-E724F9928FBC}.Debug|x86.ActiveCfg = Debug|iPhone
		{07256011-41B7-4647-96E9-E724F9928FBC}.Release|Any CPU.ActiveCfg = Release|iPhone
		{07256011-41B7-4647-96E9-E724F9928FBC}.Release|ARM.ActiveCfg = Release|iPhone
		{07256011-41B7-4647-96E9-E724F9928FBC}.Release|ARM64.ActiveCfg = Release|iPhone
		{07256011-41B7-4647-96E9-E724F9928FBC}.Release|iPhone.ActiveCfg = Release|iPhone
		{07256011-41B7-4647-96E9-E724F9928FBC}.Release|iPhone.Build.0 = Release|iPhone
		{07256011-41B7-4647-96E9-E724F9928FBC}.Release|iPhoneSimulator.ActiveCfg = Release|iPhoneSimulator
		{07256011-41B7-4647-96E9-E724F9928FBC}.Release|iPhoneSimulator.Build.0 = Release|iPhoneSimulator
		{07256011-41B7-4647-96E9-E724F9928FBC}.Release|x64.ActiveCfg = Release|iPhone
		{07256011-41B7-4647-96E9-E724F9928FBC}.Release|x86.ActiveCfg = Release|iPhone
		{7742BE2E-609D-43B0-8154-E5FFE058090E}.Ad-Hoc|Any CPU.ActiveCfg = Debug|Any CPU
		{7742BE2E-609D-43B0-8154-E5FFE058090E}.Ad-Hoc|Any CPU.Build.0 = Debug|Any CPU
		{7742BE2E-609D-43B0-8154-E5FFE058090E}.Ad-Hoc|ARM.ActiveCfg = Debug|Any CPU
		{7742BE2E-609D-43B0-8154-E5FFE058090E}.Ad-Hoc|ARM.Build.0 = Debug|Any CPU
		{7742BE2E-609D-43B0-8154-E5FFE058090E}.Ad-Hoc|ARM64.ActiveCfg = Debug|Any CPU
		{7742BE2E-609D-43B0-8154-E5FFE058090E}.Ad-Hoc|ARM64.Build.0 = Debug|Any CPU
		{7742BE2E-609D-43B0-8154-E5FFE058090E}.Ad-Hoc|iPhone.ActiveCfg = Debug|Any CPU
		{7742BE2E-609D-43B0-8154-E5FFE058090E}.Ad-Hoc|iPhone.Build.0 = Debug|Any CPU
		{7742BE2E-609D-43B0-8154-E5FFE058090E}.Ad-Hoc|iPhoneSimulator.ActiveCfg = Debug|Any CPU
		{7742BE2E-609D-43B0-8154-E5FFE058090E}.Ad-Hoc|iPhoneSimulator.Build.0 = Debug|Any CPU
		{7742BE2E-609D-43B0-8154-E5FFE058090E}.Ad-Hoc|x64.ActiveCfg = Debug|Any CPU
		{7742BE2E-609D-43B0-8154-E5FFE058090E}.Ad-Hoc|x64.Build.0 = Debug|Any CPU
		{7742BE2E-609D-43B0-8154-E5FFE058090E}.Ad-Hoc|x86.ActiveCfg = Debug|Any CPU
		{7742BE2E-609D-43B0-8154-E5FFE058090E}.Ad-Hoc|x86.Build.0 = Debug|Any CPU
		{7742BE2E-609D-43B0-8154-E5FFE058090E}.AppStore|Any CPU.ActiveCfg = Debug|Any CPU
		{7742BE2E-609D-43B0-8154-E5FFE058090E}.AppStore|Any CPU.Build.0 = Debug|Any CPU
		{7742BE2E-609D-43B0-8154-E5FFE058090E}.AppStore|ARM.ActiveCfg = Debug|Any CPU
		{7742BE2E-609D-43B0-8154-E5FFE058090E}.AppStore|ARM.Build.0 = Debug|Any CPU
		{7742BE2E-609D-43B0-8154-E5FFE058090E}.AppStore|ARM64.ActiveCfg = Debug|Any CPU
		{7742BE2E-609D-43B0-8154-E5FFE058090E}.AppStore|ARM64.Build.0 = Debug|Any CPU
		{7742BE2E-609D-43B0-8154-E5FFE058090E}.AppStore|iPhone.ActiveCfg = Debug|Any CPU
		{7742BE2E-609D-43B0-8154-E5FFE058090E}.AppStore|iPhone.Build.0 = Debug|Any CPU
		{7742BE2E-609D-43B0-8154-E5FFE058090E}.AppStore|iPhoneSimulator.ActiveCfg = Debug|Any CPU
		{7742BE2E-609D-43B0-8154-E5FFE058090E}.AppStore|iPhoneSimulator.Build.0 = Debug|Any CPU
		{7742BE2E-609D-43B0-8154-E5FFE058090E}.AppStore|x64.ActiveCfg = Debug|Any CPU
		{7742BE2E-609D-43B0-8154-E5FFE058090E}.AppStore|x64.Build.0 = Debug|Any CPU
		{7742BE2E-609D-43B0-8154-E5FFE058090E}.AppStore|x86.ActiveCfg = Debug|Any CPU
		{7742BE2E-609D-43B0-8154-E5FFE058090E}.AppStore|x86.Build.0 = Debug|Any CPU
		{7742BE2E-609D-43B0-8154-E5FFE058090E}.Debug|Any CPU.ActiveCfg = Debug|Any CPU
		{7742BE2E-609D-43B0-8154-E5FFE058090E}.Debug|Any CPU.Build.0 = Debug|Any CPU
		{7742BE2E-609D-43B0-8154-E5FFE058090E}.Debug|ARM.ActiveCfg = Debug|Any CPU
		{7742BE2E-609D-43B0-8154-E5FFE058090E}.Debug|ARM.Build.0 = Debug|Any CPU
		{7742BE2E-609D-43B0-8154-E5FFE058090E}.Debug|ARM64.ActiveCfg = Debug|Any CPU
		{7742BE2E-609D-43B0-8154-E5FFE058090E}.Debug|ARM64.Build.0 = Debug|Any CPU
		{7742BE2E-609D-43B0-8154-E5FFE058090E}.Debug|iPhone.ActiveCfg = Debug|Any CPU
		{7742BE2E-609D-43B0-8154-E5FFE058090E}.Debug|iPhone.Build.0 = Debug|Any CPU
		{7742BE2E-609D-43B0-8154-E5FFE058090E}.Debug|iPhoneSimulator.ActiveCfg = Debug|Any CPU
		{7742BE2E-609D-43B0-8154-E5FFE058090E}.Debug|iPhoneSimulator.Build.0 = Debug|Any CPU
		{7742BE2E-609D-43B0-8154-E5FFE058090E}.Debug|x64.ActiveCfg = Debug|Any CPU
		{7742BE2E-609D-43B0-8154-E5FFE058090E}.Debug|x64.Build.0 = Debug|Any CPU
		{7742BE2E-609D-43B0-8154-E5FFE058090E}.Debug|x86.ActiveCfg = Debug|Any CPU
		{7742BE2E-609D-43B0-8154-E5FFE058090E}.Debug|x86.Build.0 = Debug|Any CPU
		{7742BE2E-609D-43B0-8154-E5FFE058090E}.Release|Any CPU.ActiveCfg = Release|Any CPU
		{7742BE2E-609D-43B0-8154-E5FFE058090E}.Release|Any CPU.Build.0 = Release|Any CPU
		{7742BE2E-609D-43B0-8154-E5FFE058090E}.Release|ARM.ActiveCfg = Release|Any CPU
		{7742BE2E-609D-43B0-8154-E5FFE058090E}.Release|ARM.Build.0 = Release|Any CPU
		{7742BE2E-609D-43B0-8154-E5FFE058090E}.Release|ARM64.ActiveCfg = Release|Any CPU
		{7742BE2E-609D-43B0-8154-E5FFE058090E}.Release|ARM64.Build.0 = Release|Any CPU
		{7742BE2E-609D-43B0-8154-E5FFE058090E}.Release|iPhone.ActiveCfg = Release|Any CPU
		{7742BE2E-609D-43B0-8154-E5FFE058090E}.Release|iPhone.Build.0 = Release|Any CPU
		{7742BE2E-609D-43B0-8154-E5FFE058090E}.Release|iPhoneSimulator.ActiveCfg = Release|Any CPU
		{7742BE2E-609D-43B0-8154-E5FFE058090E}.Release|iPhoneSimulator.Build.0 = Release|Any CPU
		{7742BE2E-609D-43B0-8154-E5FFE058090E}.Release|x64.ActiveCfg = Release|Any CPU
		{7742BE2E-609D-43B0-8154-E5FFE058090E}.Release|x64.Build.0 = Release|Any CPU
		{7742BE2E-609D-43B0-8154-E5FFE058090E}.Release|x86.ActiveCfg = Release|Any CPU
		{7742BE2E-609D-43B0-8154-E5FFE058090E}.Release|x86.Build.0 = Release|Any CPU
		{D4281C46-33CF-4B03-B0DF-D2C010729A8B}.Ad-Hoc|Any CPU.ActiveCfg = Debug|Any CPU
		{D4281C46-33CF-4B03-B0DF-D2C010729A8B}.Ad-Hoc|Any CPU.Build.0 = Debug|Any CPU
		{D4281C46-33CF-4B03-B0DF-D2C010729A8B}.Ad-Hoc|ARM.ActiveCfg = Debug|Any CPU
		{D4281C46-33CF-4B03-B0DF-D2C010729A8B}.Ad-Hoc|ARM.Build.0 = Debug|Any CPU
		{D4281C46-33CF-4B03-B0DF-D2C010729A8B}.Ad-Hoc|ARM64.ActiveCfg = Debug|Any CPU
		{D4281C46-33CF-4B03-B0DF-D2C010729A8B}.Ad-Hoc|ARM64.Build.0 = Debug|Any CPU
		{D4281C46-33CF-4B03-B0DF-D2C010729A8B}.Ad-Hoc|iPhone.ActiveCfg = Debug|Any CPU
		{D4281C46-33CF-4B03-B0DF-D2C010729A8B}.Ad-Hoc|iPhone.Build.0 = Debug|Any CPU
		{D4281C46-33CF-4B03-B0DF-D2C010729A8B}.Ad-Hoc|iPhoneSimulator.ActiveCfg = Debug|Any CPU
		{D4281C46-33CF-4B03-B0DF-D2C010729A8B}.Ad-Hoc|iPhoneSimulator.Build.0 = Debug|Any CPU
		{D4281C46-33CF-4B03-B0DF-D2C010729A8B}.Ad-Hoc|x64.ActiveCfg = Debug|Any CPU
		{D4281C46-33CF-4B03-B0DF-D2C010729A8B}.Ad-Hoc|x64.Build.0 = Debug|Any CPU
		{D4281C46-33CF-4B03-B0DF-D2C010729A8B}.Ad-Hoc|x86.ActiveCfg = Debug|Any CPU
		{D4281C46-33CF-4B03-B0DF-D2C010729A8B}.Ad-Hoc|x86.Build.0 = Debug|Any CPU
		{D4281C46-33CF-4B03-B0DF-D2C010729A8B}.AppStore|Any CPU.ActiveCfg = Debug|Any CPU
		{D4281C46-33CF-4B03-B0DF-D2C010729A8B}.AppStore|Any CPU.Build.0 = Debug|Any CPU
		{D4281C46-33CF-4B03-B0DF-D2C010729A8B}.AppStore|ARM.ActiveCfg = Debug|Any CPU
		{D4281C46-33CF-4B03-B0DF-D2C010729A8B}.AppStore|ARM.Build.0 = Debug|Any CPU
		{D4281C46-33CF-4B03-B0DF-D2C010729A8B}.AppStore|ARM64.ActiveCfg = Debug|Any CPU
		{D4281C46-33CF-4B03-B0DF-D2C010729A8B}.AppStore|ARM64.Build.0 = Debug|Any CPU
		{D4281C46-33CF-4B03-B0DF-D2C010729A8B}.AppStore|iPhone.ActiveCfg = Debug|Any CPU
		{D4281C46-33CF-4B03-B0DF-D2C010729A8B}.AppStore|iPhone.Build.0 = Debug|Any CPU
		{D4281C46-33CF-4B03-B0DF-D2C010729A8B}.AppStore|iPhoneSimulator.ActiveCfg = Debug|Any CPU
		{D4281C46-33CF-4B03-B0DF-D2C010729A8B}.AppStore|iPhoneSimulator.Build.0 = Debug|Any CPU
		{D4281C46-33CF-4B03-B0DF-D2C010729A8B}.AppStore|x64.ActiveCfg = Debug|Any CPU
		{D4281C46-33CF-4B03-B0DF-D2C010729A8B}.AppStore|x64.Build.0 = Debug|Any CPU
		{D4281C46-33CF-4B03-B0DF-D2C010729A8B}.AppStore|x86.ActiveCfg = Debug|Any CPU
		{D4281C46-33CF-4B03-B0DF-D2C010729A8B}.AppStore|x86.Build.0 = Debug|Any CPU
		{D4281C46-33CF-4B03-B0DF-D2C010729A8B}.Debug|Any CPU.ActiveCfg = Debug|Any CPU
		{D4281C46-33CF-4B03-B0DF-D2C010729A8B}.Debug|Any CPU.Build.0 = Debug|Any CPU
		{D4281C46-33CF-4B03-B0DF-D2C010729A8B}.Debug|ARM.ActiveCfg = Debug|Any CPU
		{D4281C46-33CF-4B03-B0DF-D2C010729A8B}.Debug|ARM.Build.0 = Debug|Any CPU
		{D4281C46-33CF-4B03-B0DF-D2C010729A8B}.Debug|ARM64.ActiveCfg = Debug|Any CPU
		{D4281C46-33CF-4B03-B0DF-D2C010729A8B}.Debug|ARM64.Build.0 = Debug|Any CPU
		{D4281C46-33CF-4B03-B0DF-D2C010729A8B}.Debug|iPhone.ActiveCfg = Debug|Any CPU
		{D4281C46-33CF-4B03-B0DF-D2C010729A8B}.Debug|iPhone.Build.0 = Debug|Any CPU
		{D4281C46-33CF-4B03-B0DF-D2C010729A8B}.Debug|iPhoneSimulator.ActiveCfg = Debug|Any CPU
		{D4281C46-33CF-4B03-B0DF-D2C010729A8B}.Debug|iPhoneSimulator.Build.0 = Debug|Any CPU
		{D4281C46-33CF-4B03-B0DF-D2C010729A8B}.Debug|x64.ActiveCfg = Debug|Any CPU
		{D4281C46-33CF-4B03-B0DF-D2C010729A8B}.Debug|x64.Build.0 = Debug|Any CPU
		{D4281C46-33CF-4B03-B0DF-D2C010729A8B}.Debug|x86.ActiveCfg = Debug|Any CPU
		{D4281C46-33CF-4B03-B0DF-D2C010729A8B}.Debug|x86.Build.0 = Debug|Any CPU
		{D4281C46-33CF-4B03-B0DF-D2C010729A8B}.Release|Any CPU.ActiveCfg = Release|Any CPU
		{D4281C46-33CF-4B03-B0DF-D2C010729A8B}.Release|Any CPU.Build.0 = Release|Any CPU
		{D4281C46-33CF-4B03-B0DF-D2C010729A8B}.Release|ARM.ActiveCfg = Release|Any CPU
		{D4281C46-33CF-4B03-B0DF-D2C010729A8B}.Release|ARM.Build.0 = Release|Any CPU
		{D4281C46-33CF-4B03-B0DF-D2C010729A8B}.Release|ARM64.ActiveCfg = Release|Any CPU
		{D4281C46-33CF-4B03-B0DF-D2C010729A8B}.Release|ARM64.Build.0 = Release|Any CPU
		{D4281C46-33CF-4B03-B0DF-D2C010729A8B}.Release|iPhone.ActiveCfg = Release|Any CPU
		{D4281C46-33CF-4B03-B0DF-D2C010729A8B}.Release|iPhone.Build.0 = Release|Any CPU
		{D4281C46-33CF-4B03-B0DF-D2C010729A8B}.Release|iPhoneSimulator.ActiveCfg = Release|Any CPU
		{D4281C46-33CF-4B03-B0DF-D2C010729A8B}.Release|iPhoneSimulator.Build.0 = Release|Any CPU
		{D4281C46-33CF-4B03-B0DF-D2C010729A8B}.Release|x64.ActiveCfg = Release|Any CPU
		{D4281C46-33CF-4B03-B0DF-D2C010729A8B}.Release|x64.Build.0 = Release|Any CPU
		{D4281C46-33CF-4B03-B0DF-D2C010729A8B}.Release|x86.ActiveCfg = Release|Any CPU
		{D4281C46-33CF-4B03-B0DF-D2C010729A8B}.Release|x86.Build.0 = Release|Any CPU
	EndGlobalSection
	GlobalSection(SolutionProperties) = preSolution
		HideSolutionNode = FALSE
	EndGlobalSection
	GlobalSection(ExtensibilityGlobals) = postSolution
		SolutionGuid = {4D10C102-C644-4D95-9849-6D8C8F1FFC69}
	EndGlobalSection
EndGlobal
