
Microsoft Visual Studio Solution File, Format Version 12.00
# Visual Studio 15
VisualStudioVersion = 15.0.28307.705
MinimumVisualStudioVersion = 10.0.40219.1
Project("{9A19103F-16F7-4668-BE54-9A1E7A4F7556}") = "Syncfusion.SfChart.Uno", "Syncfusion.SfChart.Uno.csproj", "{66DB15F8-E440-4AC3-AF69-283A16F11F1D}"
EndProject
Global
	GlobalSection(SolutionConfigurationPlatforms) = preSolution
		Debug|Any CPU = Debug|Any CPU
		Release|Any CPU = Release|Any CPU
	EndGlobalSection
	GlobalSection(ProjectConfigurationPlatforms) = postSolution
		{66DB15F8-E440-4AC3-AF69-283A16F11F1D}.Debug|Any CPU.ActiveCfg = Debug|Any CPU
		{66DB15F8-E440-4AC3-AF69-283A16F11F1D}.Debug|Any CPU.Build.0 = Debug|Any CPU
		{66DB15F8-E440-4AC3-AF69-283A16F11F1D}.Release|Any CPU.ActiveCfg = Release|Any CPU
		{66DB15F8-E440-4AC3-AF69-283A16F11F1D}.Release|Any CPU.Build.0 = Release|Any CPU
	EndGlobalSection
	GlobalSection(SolutionProperties) = preSolution
		HideSolutionNode = FALSE
	EndGlobalSection
	GlobalSection(ExtensibilityGlobals) = postSolution
		SolutionGuid = {6A11938D-30F4-412C-9E4A-B66AE67E5553}
	EndGlobalSection
EndGlobal
